{
  "originHash" : "1892760836d4edf5b0a59f246a064a4fc12247d60659581110a6328d972e2fc4",
  "pins" : [
    {
      "identity" : "defaults",
      "kind" : "remoteSourceControl",
      "location" : "https://github.com/sindresorhus/Defaults",
      "state" : {
        "revision" : "ef1b2318fb549002bb533bec3a8ad98ae09f2cb6",
        "version" : "9.0.0"
      }
    },
    {
      "identity" : "keyboardshortcuts",
      "kind" : "remoteSourceControl",
      "location" : "https://github.com/sindresorhus/KeyboardShortcuts",
      "state" : {
        "branch" : "main",
        "revision" : "7ecc38bb6edf7d087d30e737057b8d8a9b7f51eb"
      }
    },
    {
      "identity" : "launchatlogin-modern",
      "kind" : "remoteSourceControl",
      "location" : "https://github.com/sindresorhus/LaunchAtLogin-Modern",
      "state" : {
        "branch" : "main",
        "revision" : "a04ec1c363be3627734f6dad757d82f5d4fa8fcc"
      }
    },
    {
      "identity" : "notchnotification",
      "kind" : "remoteSourceControl",
      "location" : "https://github.com/Lakr233/NotchNotification.git",
      "state" : {
        "revision" : "e4d255d789eba108184b0aa1f6361a4adfb302f6",
        "version" : "1.2.1"
      }
    },
    {
      "identity" : "pow",
      "kind" : "remoteSourceControl",
      "location" : "https://github.com/EmergeTools/Pow",
      "state" : {
        "revision" : "a504eb6d144bcf49f4f33029a2795345cb39e6b4",
        "version" : "1.0.5"
      }
    },
    {
      "identity" : "swift-syntax",
      "kind" : "remoteSourceControl",
      "location" : "https://github.com/swiftlang/swift-syntax",
      "state" : {
        "revision" : "0687f71944021d616d34d922343dcef086855920",
        "version" : "600.0.1"
      }
    }
  ],
  "version" : 3
}
